{
  "version": 4,
  "terraform_version": "0.14.4",
  "serial": 21,
  "lineage": "e9aaff25-3730-8450-2e01-847147fd07ed",
  "outputs": {},
  "resources": [
    {
      "mode": "managed",
      "type": "aws_internet_gateway",
      "name": "default",
      "provider": "provider[\"registry.terraform.io/hashicorp/aws\"]",
      "instances": [
        {
          "schema_version": 0,
          "attributes": {
            "arn": "arn:aws:ec2:us-east-1:873118239635:internet-gateway/igw-0fcf85185fa77ed85",
            "id": "igw-0fcf85185fa77ed85",
            "owner_id": "873118239635",
            "tags": {
              "Environment": "DevOps_Lab",
              "Name": "DevOps_VPC_IGW"
            },
            "vpc_id": "vpc-024c96ef35838245e"
          },
          "sensitive_attributes": [],
          "private": "bnVsbA==",
          "dependencies": [
            "aws_vpc.default"
          ]
        }
      ]
    },
    {
      "mode": "managed",
      "type": "aws_subnet",
      "name": "subnet1-public",
      "provider": "provider[\"registry.terraform.io/hashicorp/aws\"]",
      "instances": [
        {
          "schema_version": 1,
          "attributes": {
            "arn": "arn:aws:ec2:us-east-1:873118239635:subnet/subnet-0b5802391b133802b",
            "assign_ipv6_address_on_creation": false,
            "availability_zone": "us-east-1a",
            "availability_zone_id": "use1-az2",
            "cidr_block": "10.10.1.0/24",
            "id": "subnet-0b5802391b133802b",
            "ipv6_cidr_block": "",
            "ipv6_cidr_block_association_id": "",
            "map_public_ip_on_launch": false,
            "outpost_arn": "",
            "owner_id": "873118239635",
            "tags": {
              "Environment": "DevOps_Lab",
              "Name": "DevOps_VPC_Subnet-1"
            },
            "timeouts": null,
            "vpc_id": "vpc-024c96ef35838245e"
          },
          "sensitive_attributes": [],
          "private": "eyJlMmJmYjczMC1lY2FhLTExZTYtOGY4OC0zNDM2M2JjN2M0YzAiOnsiY3JlYXRlIjo2MDAwMDAwMDAwMDAsImRlbGV0ZSI6MTIwMDAwMDAwMDAwMH0sInNjaGVtYV92ZXJzaW9uIjoiMSJ9",
          "dependencies": [
            "aws_vpc.default"
          ]
        }
      ]
    },
    {
      "mode": "managed",
      "type": "aws_vpc",
      "name": "default",
      "provider": "provider[\"registry.terraform.io/hashicorp/aws\"]",
      "instances": [
        {
          "schema_version": 1,
          "attributes": {
            "arn": "arn:aws:ec2:us-east-1:873118239635:vpc/vpc-024c96ef35838245e",
            "assign_generated_ipv6_cidr_block": false,
            "cidr_block": "10.10.0.0/16",
            "default_network_acl_id": "acl-0a6bbf461fc71bf33",
            "default_route_table_id": "rtb-099f09721f57e90cb",
            "default_security_group_id": "sg-0fe67b67ac2886ee1",
            "dhcp_options_id": "dopt-dba5c4a1",
            "enable_classiclink": false,
            "enable_classiclink_dns_support": false,
            "enable_dns_hostnames": true,
            "enable_dns_support": true,
            "id": "vpc-024c96ef35838245e",
            "instance_tenancy": "default",
            "ipv6_association_id": "",
            "ipv6_cidr_block": "",
            "main_route_table_id": "rtb-099f09721f57e90cb",
            "owner_id": "873118239635",
            "tags": {
              "Environment": "DevOps_Lab",
              "Name": "DevOps-VPC",
              "Owner": "Venu Reddy"
            }
          },
          "sensitive_attributes": [],
          "private": "eyJzY2hlbWFfdmVyc2lvbiI6IjEifQ=="
        }
      ]
    }
  ]
}
